
Microsoft Visual Studio Solution File, Format Version 12.00
# Visual Studio Version 17
VisualStudioVersion = 17.9.34728.123
MinimumVisualStudioVersion = 10.0.40219.1
Project("{FAE04EC0-301F-11D3-BF4B-00C04F79EFBC}") = "GraphAplication", "GraphAplication.csproj", "{B7429EF7-ECD2-4C4A-BA08-9FAB8BEB1A32}"
EndProject
Global
	GlobalSection(SolutionConfigurationPlatforms) = preSolution
		Debug|Any CPU = Debug|Any CPU
		Release|Any CPU = Release|Any CPU
	EndGlobalSection
	GlobalSection(ProjectConfigurationPlatforms) = postSolution
		{B7429EF7-ECD2-4C4A-BA08-9FAB8BEB1A32}.Debug|Any CPU.ActiveCfg = Debug|Any CPU
		{B7429EF7-ECD2-4C4A-BA08-9FAB8BEB1A32}.Debug|Any CPU.Build.0 = Debug|Any CPU
		{B7429EF7-ECD2-4C4A-BA08-9FAB8BEB1A32}.Release|Any CPU.ActiveCfg = Release|Any CPU
		{B7429EF7-ECD2-4C4A-BA08-9FAB8BEB1A32}.Release|Any CPU.Build.0 = Release|Any CPU
	EndGlobalSection
	GlobalSection(SolutionProperties) = preSolution
		HideSolutionNode = FALSE
	EndGlobalSection
	GlobalSection(ExtensibilityGlobals) = postSolution
		SolutionGuid = {2CA849AB-C04F-4B8E-B398-1748CF56FDE2}
	EndGlobalSection
EndGlobal
